
Microsoft Visual Studio Solution File, Format Version 12.00
# Visual Studio Version 17
VisualStudioVersion = 17.4.33213.308
MinimumVisualStudioVersion = 10.0.40219.1
Project("{FAE04EC0-301F-11D3-BF4B-00C04F79EFBC}") = "NppMarkdownPanel", "NppMarkdownPanel\NppMarkdownPanel.csproj", "{AFF60ED7-B5B8-456E-AE00-0B3D87F81937}"
EndProject
Project("{2150E333-8FDC-42A3-9474-1A3956D46DE8}") = "Solution Items", "Solution Items", "{4D703D84-09F0-413F-9CAA-B176B5C006C9}"
	ProjectSection(SolutionItems) = preProject
		makerelease.ps1 = makerelease.ps1
	EndProjectSection
EndProject
Project("{FAE04EC0-301F-11D3-BF4B-00C04F79EFBC}") = "MarkdigWrapper", "MarkdigWrapper\MarkdigWrapper.csproj", "{00858D38-B221-40B2-90F4-E029A1AFFE5A}"
EndProject
Project("{FAE04EC0-301F-11D3-BF4B-00C04F79EFBC}") = "Webview2Viewer", "Webview2Viewer\Webview2Viewer.csproj", "{5EEC55BE-F283-4F9D-A2FD-F9050BD17B59}"
EndProject
Global
	GlobalSection(SolutionConfigurationPlatforms) = preSolution
		Debug|Any CPU = Debug|Any CPU
		Debug|x64 = Debug|x64
		Debug|x86 = Debug|x86
		Release|Any CPU = Release|Any CPU
		Release|x64 = Release|x64
		Release|x86 = Release|x86
	EndGlobalSection
	GlobalSection(ProjectConfigurationPlatforms) = postSolution
		{AFF60ED7-B5B8-456E-AE00-0B3D87F81937}.Debug|Any CPU.ActiveCfg = Debug|x86
		{AFF60ED7-B5B8-456E-AE00-0B3D87F81937}.Debug|x64.ActiveCfg = Debug|x64
		{AFF60ED7-B5B8-456E-AE00-0B3D87F81937}.Debug|x64.Build.0 = Debug|x64
		{AFF60ED7-B5B8-456E-AE00-0B3D87F81937}.Debug|x86.ActiveCfg = Debug|x86
		{AFF60ED7-B5B8-456E-AE00-0B3D87F81937}.Debug|x86.Build.0 = Debug|x86
		{AFF60ED7-B5B8-456E-AE00-0B3D87F81937}.Release|Any CPU.ActiveCfg = Release|x86
		{AFF60ED7-B5B8-456E-AE00-0B3D87F81937}.Release|x64.ActiveCfg = Release|x64
		{AFF60ED7-B5B8-456E-AE00-0B3D87F81937}.Release|x64.Build.0 = Release|x64
		{AFF60ED7-B5B8-456E-AE00-0B3D87F81937}.Release|x86.ActiveCfg = Release|x86
		{AFF60ED7-B5B8-456E-AE00-0B3D87F81937}.Release|x86.Build.0 = Release|x86
		{00858D38-B221-40B2-90F4-E029A1AFFE5A}.Debug|Any CPU.ActiveCfg = Debug|Any CPU
		{00858D38-B221-40B2-90F4-E029A1AFFE5A}.Debug|Any CPU.Build.0 = Debug|Any CPU
		{00858D38-B221-40B2-90F4-E029A1AFFE5A}.Debug|x64.ActiveCfg = Debug|Any CPU
		{00858D38-B221-40B2-90F4-E029A1AFFE5A}.Debug|x64.Build.0 = Debug|Any CPU
		{00858D38-B221-40B2-90F4-E029A1AFFE5A}.Debug|x86.ActiveCfg = Debug|Any CPU
		{00858D38-B221-40B2-90F4-E029A1AFFE5A}.Debug|x86.Build.0 = Debug|Any CPU
		{00858D38-B221-40B2-90F4-E029A1AFFE5A}.Release|Any CPU.ActiveCfg = Release|Any CPU
		{00858D38-B221-40B2-90F4-E029A1AFFE5A}.Release|Any CPU.Build.0 = Release|Any CPU
		{00858D38-B221-40B2-90F4-E029A1AFFE5A}.Release|x64.ActiveCfg = Release|Any CPU
		{00858D38-B221-40B2-90F4-E029A1AFFE5A}.Release|x64.Build.0 = Release|Any CPU
		{00858D38-B221-40B2-90F4-E029A1AFFE5A}.Release|x86.ActiveCfg = Release|Any CPU
		{00858D38-B221-40B2-90F4-E029A1AFFE5A}.Release|x86.Build.0 = Release|Any CPU
		{5EEC55BE-F283-4F9D-A2FD-F9050BD17B59}.Debug|Any CPU.ActiveCfg = Debug|Any CPU
		{5EEC55BE-F283-4F9D-A2FD-F9050BD17B59}.Debug|Any CPU.Build.0 = Debug|Any CPU
		{5EEC55BE-F283-4F9D-A2FD-F9050BD17B59}.Debug|x64.ActiveCfg = Debug|Any CPU
		{5EEC55BE-F283-4F9D-A2FD-F9050BD17B59}.Debug|x64.Build.0 = Debug|Any CPU
		{5EEC55BE-F283-4F9D-A2FD-F9050BD17B59}.Debug|x86.ActiveCfg = Debug|Any CPU
		{5EEC55BE-F283-4F9D-A2FD-F9050BD17B59}.Debug|x86.Build.0 = Debug|Any CPU
		{5EEC55BE-F283-4F9D-A2FD-F9050BD17B59}.Release|Any CPU.ActiveCfg = Release|Any CPU
		{5EEC55BE-F283-4F9D-A2FD-F9050BD17B59}.Release|Any CPU.Build.0 = Release|Any CPU
		{5EEC55BE-F283-4F9D-A2FD-F9050BD17B59}.Release|x64.ActiveCfg = Release|Any CPU
		{5EEC55BE-F283-4F9D-A2FD-F9050BD17B59}.Release|x64.Build.0 = Release|Any CPU
		{5EEC55BE-F283-4F9D-A2FD-F9050BD17B59}.Release|x86.ActiveCfg = Release|Any CPU
		{5EEC55BE-F283-4F9D-A2FD-F9050BD17B59}.Release|x86.Build.0 = Release|Any CPU
	EndGlobalSection
	GlobalSection(SolutionProperties) = preSolution
		HideSolutionNode = FALSE
	EndGlobalSection
	GlobalSection(ExtensibilityGlobals) = postSolution
		SolutionGuid = {3424C0CB-B7FE-43FF-8B1D-76CD044ECC97}
	EndGlobalSection
EndGlobal
